{
  "version": 4,
  "terraform_version": "1.0.10",
  "serial": 48,
  "lineage": "13cfe791-42ca-b7f8-8da9-8d231ef15e1b",
  "outputs": {
    "linux_vm_public_name": {
      "value": [
        "bdickerson1-sample-server.eastus.cloudapp.azure.com"
      ],
      "type": [
        "tuple",
        [
          "string"
        ]
      ]
    },
    "website_url": {
      "value": "https://staticwebsitebdickerson1.blob.core.windows.net/web/index.html",
      "type": "string"
    }
  },
  "resources": [
    {
      "module": "module.linuxservers",
      "mode": "data",
      "type": "azurerm_public_ip",
      "name": "vm",
      "provider": "provider[\"registry.terraform.io/hashicorp/azurerm\"]",
      "instances": [
        {
          "index_key": 0,
          "schema_version": 0,
          "attributes": {
            "allocation_method": "Dynamic",
            "domain_name_label": "bdickerson1-sample-server",
            "fqdn": "bdickerson1-sample-server.eastus.cloudapp.azure.com",
            "id": "/subscriptions/02cb372f-c8c5-4a0c-b9f4-574eeb4d6d38/resourceGroups/2021-fall-bdickerson1-rg/providers/Microsoft.Network/publicIPAddresses/BEN-VM-pip-0",
            "idle_timeout_in_minutes": 4,
            "ip_address": "23.96.46.187",
            "ip_version": "IPv4",
            "location": "eastus",
            "name": "BEN-VM-pip-0",
            "resource_group_name": "2021-fall-bdickerson1-rg",
            "reverse_fqdn": "",
            "sku": "Basic",
            "tags": {
              "source": "terraform"
            },
            "timeouts": null,
            "zones": []
          },
          "sensitive_attributes": []
        }
      ]
    },
    {
      "module": "module.linuxservers",
      "mode": "data",
      "type": "azurerm_resource_group",
      "name": "vm",
      "provider": "provider[\"registry.terraform.io/hashicorp/azurerm\"]",
      "instances": [
        {
          "schema_version": 0,
          "attributes": {
            "id": "/subscriptions/02cb372f-c8c5-4a0c-b9f4-574eeb4d6d38/resourceGroups/2021-fall-bdickerson1-rg",
            "location": "eastus",
            "name": "2021-fall-bdickerson1-rg",
            "tags": {},
            "timeouts": null
          },
          "sensitive_attributes": []
        }
      ]
    },
    {
      "module": "module.linuxservers",
      "mode": "managed",
      "type": "azurerm_availability_set",
      "name": "vm",
      "provider": "provider[\"registry.terraform.io/hashicorp/azurerm\"]",
      "instances": [
        {
          "schema_version": 0,
          "attributes": {
            "id": "/subscriptions/02cb372f-c8c5-4a0c-b9f4-574eeb4d6d38/resourceGroups/2021-fall-bdickerson1-rg/providers/Microsoft.Compute/availabilitySets/BEN-VM-avset",
            "location": "eastus",
            "managed": true,
            "name": "BEN-VM-avset",
            "platform_fault_domain_count": 2,
            "platform_update_domain_count": 2,
            "proximity_placement_group_id": null,
            "resource_group_name": "2021-fall-bdickerson1-rg",
            "tags": {
              "source": "terraform"
            },
            "timeouts": null
          },
          "sensitive_attributes": [],
          "private": "eyJlMmJmYjczMC1lY2FhLTExZTYtOGY4OC0zNDM2M2JjN2M0YzAiOnsiY3JlYXRlIjoxODAwMDAwMDAwMDAwLCJkZWxldGUiOjE4MDAwMDAwMDAwMDAsInJlYWQiOjMwMDAwMDAwMDAwMCwidXBkYXRlIjoxODAwMDAwMDAwMDAwfX0=",
          "dependencies": [
            "module.linuxservers.data.azurerm_resource_group.vm"
          ]
        }
      ]
    },
    {
      "module": "module.linuxservers",
      "mode": "managed",
      "type": "azurerm_network_interface",
      "name": "vm",
      "provider": "provider[\"registry.terraform.io/hashicorp/azurerm\"]",
      "instances": [
        {
          "index_key": 0,
          "schema_version": 0,
          "attributes": {
            "applied_dns_servers": [],
            "dns_servers": [],
            "enable_accelerated_networking": false,
            "enable_ip_forwarding": false,
            "id": "/subscriptions/02cb372f-c8c5-4a0c-b9f4-574eeb4d6d38/resourceGroups/2021-fall-bdickerson1-rg/providers/Microsoft.Network/networkInterfaces/BEN-VM-nic-0",
            "internal_dns_name_label": "",
            "internal_domain_name_suffix": "tnfubdrhrunexohaydwcuqpq2e.bx.internal.cloudapp.net",
            "ip_configuration": [
              {
                "name": "BEN-VM-ip-0",
                "primary": true,
                "private_ip_address": "10.0.1.4",
                "private_ip_address_allocation": "Dynamic",
                "private_ip_address_version": "IPv4",
                "public_ip_address_id": "/subscriptions/02cb372f-c8c5-4a0c-b9f4-574eeb4d6d38/resourceGroups/2021-fall-bdickerson1-rg/providers/Microsoft.Network/publicIPAddresses/BEN-VM-pip-0",
                "subnet_id": "/subscriptions/02cb372f-c8c5-4a0c-b9f4-574eeb4d6d38/resourceGroups/2021-fall-bdickerson1-rg/providers/Microsoft.Network/virtualNetworks/acctvnet/subnets/subnet1"
              }
            ],
            "location": "eastus",
            "mac_address": "",
            "name": "BEN-VM-nic-0",
            "private_ip_address": "10.0.1.4",
            "private_ip_addresses": [
              "10.0.1.4"
            ],
            "resource_group_name": "2021-fall-bdickerson1-rg",
            "tags": {
              "source": "terraform"
            },
            "timeouts": null,
            "virtual_machine_id": ""
          },
          "sensitive_attributes": [],
          "private": "eyJlMmJmYjczMC1lY2FhLTExZTYtOGY4OC0zNDM2M2JjN2M0YzAiOnsiY3JlYXRlIjoxODAwMDAwMDAwMDAwLCJkZWxldGUiOjE4MDAwMDAwMDAwMDAsInJlYWQiOjMwMDAwMDAwMDAwMCwidXBkYXRlIjoxODAwMDAwMDAwMDAwfX0=",
          "dependencies": [
            "module.linuxservers.azurerm_public_ip.vm",
            "module.linuxservers.data.azurerm_resource_group.vm",
            "module.network.azurerm_subnet.subnet",
            "module.network.azurerm_virtual_network.vnet",
            "module.network.data.azurerm_resource_group.network"
          ]
        }
      ]
    },
    {
      "module": "module.linuxservers",
      "mode": "managed",
      "type": "azurerm_network_interface_security_group_association",
      "name": "test",
      "provider": "provider[\"registry.terraform.io/hashicorp/azurerm\"]",
      "instances": [
        {
          "index_key": 0,
          "schema_version": 0,
          "attributes": {
            "id": "/subscriptions/02cb372f-c8c5-4a0c-b9f4-574eeb4d6d38/resourceGroups/2021-fall-bdickerson1-rg/providers/Microsoft.Network/networkInterfaces/BEN-VM-nic-0|/subscriptions/02cb372f-c8c5-4a0c-b9f4-574eeb4d6d38/resourceGroups/2021-fall-bdickerson1-rg/providers/Microsoft.Network/networkSecurityGroups/BEN-VM-nsg",
            "network_interface_id": "/subscriptions/02cb372f-c8c5-4a0c-b9f4-574eeb4d6d38/resourceGroups/2021-fall-bdickerson1-rg/providers/Microsoft.Network/networkInterfaces/BEN-VM-nic-0",
            "network_security_group_id": "/subscriptions/02cb372f-c8c5-4a0c-b9f4-574eeb4d6d38/resourceGroups/2021-fall-bdickerson1-rg/providers/Microsoft.Network/networkSecurityGroups/BEN-VM-nsg",
            "timeouts": null
          },
          "sensitive_attributes": [],
          "private": "eyJlMmJmYjczMC1lY2FhLTExZTYtOGY4OC0zNDM2M2JjN2M0YzAiOnsiY3JlYXRlIjoxODAwMDAwMDAwMDAwLCJkZWxldGUiOjE4MDAwMDAwMDAwMDAsInJlYWQiOjMwMDAwMDAwMDAwMCwidXBkYXRlIjoxODAwMDAwMDAwMDAwfX0=",
          "dependencies": [
            "module.linuxservers.azurerm_network_interface.vm",
            "module.linuxservers.azurerm_network_security_group.vm",
            "module.linuxservers.azurerm_public_ip.vm",
            "module.linuxservers.data.azurerm_resource_group.vm",
            "module.network.azurerm_subnet.subnet",
            "module.network.azurerm_virtual_network.vnet",
            "module.network.data.azurerm_resource_group.network"
          ]
        }
      ]
    },
    {
      "module": "module.linuxservers",
      "mode": "managed",
      "type": "azurerm_network_security_group",
      "name": "vm",
      "provider": "provider[\"registry.terraform.io/hashicorp/azurerm\"]",
      "instances": [
        {
          "schema_version": 0,
          "attributes": {
            "id": "/subscriptions/02cb372f-c8c5-4a0c-b9f4-574eeb4d6d38/resourceGroups/2021-fall-bdickerson1-rg/providers/Microsoft.Network/networkSecurityGroups/BEN-VM-nsg",
            "location": "eastus",
            "name": "BEN-VM-nsg",
            "resource_group_name": "2021-fall-bdickerson1-rg",
            "security_rule": [],
            "tags": {
              "source": "terraform"
            },
            "timeouts": null
          },
          "sensitive_attributes": [],
          "private": "eyJlMmJmYjczMC1lY2FhLTExZTYtOGY4OC0zNDM2M2JjN2M0YzAiOnsiY3JlYXRlIjoxODAwMDAwMDAwMDAwLCJkZWxldGUiOjE4MDAwMDAwMDAwMDAsInJlYWQiOjMwMDAwMDAwMDAwMCwidXBkYXRlIjoxODAwMDAwMDAwMDAwfX0=",
          "dependencies": [
            "module.linuxservers.data.azurerm_resource_group.vm"
          ]
        }
      ]
    },
    {
      "module": "module.linuxservers",
      "mode": "managed",
      "type": "azurerm_network_security_rule",
      "name": "vm",
      "provider": "provider[\"registry.terraform.io/hashicorp/azurerm\"]",
      "instances": [
        {
          "index_key": 0,
          "schema_version": 0,
          "attributes": {
            "access": "Allow",
            "description": "Allow remote protocol in from all locations",
            "destination_address_prefix": "*",
            "destination_address_prefixes": null,
            "destination_application_security_group_ids": null,
            "destination_port_range": "22",
            "destination_port_ranges": null,
            "direction": "Inbound",
            "id": "/subscriptions/02cb372f-c8c5-4a0c-b9f4-574eeb4d6d38/resourceGroups/2021-fall-bdickerson1-rg/providers/Microsoft.Network/networkSecurityGroups/BEN-VM-nsg/securityRules/allow_remote_22_in_all",
            "name": "allow_remote_22_in_all",
            "network_security_group_name": "BEN-VM-nsg",
            "priority": 101,
            "protocol": "Tcp",
            "resource_group_name": "2021-fall-bdickerson1-rg",
            "source_address_prefix": "",
            "source_address_prefixes": [
              "0.0.0.0/0"
            ],
            "source_application_security_group_ids": null,
            "source_port_range": "*",
            "source_port_ranges": null,
            "timeouts": null
          },
          "sensitive_attributes": [],
          "private": "eyJlMmJmYjczMC1lY2FhLTExZTYtOGY4OC0zNDM2M2JjN2M0YzAiOnsiY3JlYXRlIjoxODAwMDAwMDAwMDAwLCJkZWxldGUiOjE4MDAwMDAwMDAwMDAsInJlYWQiOjMwMDAwMDAwMDAwMCwidXBkYXRlIjoxODAwMDAwMDAwMDAwfX0=",
          "dependencies": [
            "module.linuxservers.azurerm_network_security_group.vm",
            "module.linuxservers.data.azurerm_resource_group.vm"
          ]
        }
      ]
    },
    {
      "module": "module.linuxservers",
      "mode": "managed",
      "type": "azurerm_public_ip",
      "name": "vm",
      "provider": "provider[\"registry.terraform.io/hashicorp/azurerm\"]",
      "instances": [
        {
          "index_key": 0,
          "schema_version": 0,
          "attributes": {
            "allocation_method": "Dynamic",
            "domain_name_label": "bdickerson1-sample-server",
            "fqdn": "bdickerson1-sample-server.eastus.cloudapp.azure.com",
            "id": "/subscriptions/02cb372f-c8c5-4a0c-b9f4-574eeb4d6d38/resourceGroups/2021-fall-bdickerson1-rg/providers/Microsoft.Network/publicIPAddresses/BEN-VM-pip-0",
            "idle_timeout_in_minutes": 4,
            "ip_address": "",
            "ip_version": "IPv4",
            "location": "eastus",
            "name": "BEN-VM-pip-0",
            "public_ip_prefix_id": null,
            "resource_group_name": "2021-fall-bdickerson1-rg",
            "reverse_fqdn": "",
            "sku": "Basic",
            "tags": {
              "source": "terraform"
            },
            "timeouts": null,
            "zones": null
          },
          "sensitive_attributes": [],
          "private": "eyJlMmJmYjczMC1lY2FhLTExZTYtOGY4OC0zNDM2M2JjN2M0YzAiOnsiY3JlYXRlIjoxODAwMDAwMDAwMDAwLCJkZWxldGUiOjE4MDAwMDAwMDAwMDAsInJlYWQiOjMwMDAwMDAwMDAwMCwidXBkYXRlIjoxODAwMDAwMDAwMDAwfX0=",
          "dependencies": [
            "module.linuxservers.data.azurerm_resource_group.vm"
          ]
        }
      ]
    },
    {
      "module": "module.linuxservers",
      "mode": "managed",
      "type": "azurerm_virtual_machine",
      "name": "vm-linux",
      "provider": "provider[\"registry.terraform.io/hashicorp/azurerm\"]",
      "instances": [
        {
          "index_key": 0,
          "schema_version": 0,
          "attributes": {
            "additional_capabilities": [],
            "availability_set_id": "/subscriptions/02cb372f-c8c5-4a0c-b9f4-574eeb4d6d38/resourcegroups/2021-fall-bdickerson1-rg/providers/microsoft.compute/availabilitysets/ben-vm-avset",
            "boot_diagnostics": [
              {
                "enabled": false,
                "storage_uri": ""
              }
            ],
            "delete_data_disks_on_termination": false,
            "delete_os_disk_on_termination": true,
            "id": "/subscriptions/02cb372f-c8c5-4a0c-b9f4-574eeb4d6d38/resourceGroups/2021-fall-bdickerson1-rg/providers/Microsoft.Compute/virtualMachines/BEN-VM-vmLinux-0",
            "identity": [],
            "license_type": null,
            "location": "eastus",
            "name": "BEN-VM-vmLinux-0",
            "network_interface_ids": [
              "/subscriptions/02cb372f-c8c5-4a0c-b9f4-574eeb4d6d38/resourceGroups/2021-fall-bdickerson1-rg/providers/Microsoft.Network/networkInterfaces/BEN-VM-nic-0"
            ],
            "os_profile": [
              {
                "admin_password": "",
                "admin_username": "azureuser",
                "computer_name": "BEN-VM-0",
                "custom_data": "da39a3ee5e6b4b0d3255bfef95601890afd80709"
              }
            ],
            "os_profile_linux_config": [
              {
                "disable_password_authentication": true,
                "ssh_keys": [
                  {
                    "key_data": "ssh-rsa AAAAB3NzaC1yc2EAAAADAQABAAABgQDcXnFBwHefWypgg3fZhkmksiZ/YNu1uC3Eixh72uUnesh85DxdzMiO7H1R/r/ZW4JIyJW3kxoH5l+00xee1dilKknaYPSYgTV/sDDoZcI9/GzL/zIOWMXQFmqdJhS6hk0g31woGU7XzTg4Rdq7lKVxYrQovgPfDyYpxr594pYZUf/lvJJd+QMLUpevOrjePwE+7DypT9PBK0otVekvKK6G94PHwOlScl9iGCcc0Ylc6zPP/DaPcU/KQ0/rwyFqs31yVn14L0Qf4MkNL0SyaGC752U7ztOZXMdKh5M/+BZHgRsnECpkSaCI/dGLAKjjs1ivJJAF7aeNjxorRX4sWSESGbMCvbzcVPLxpeKJ9L3xVMiw3IdMnH92gRrVT08rIZlOqaHBr+m388ulVdAGHw3AX5U985qCczK7P2p5NQouEVMudVJ/3qeiifwRrMuG31WiDQiwjILFPxM+Nq0/EZn35oy+548DJDjZyCSVzyTYjjkWtXMO/NFeeMooy8fysyU= generated-by-azure\n",
                    "path": "/home/azureuser/.ssh/authorized_keys"
                  }
                ]
              }
            ],
            "os_profile_secrets": [],
            "os_profile_windows_config": [],
            "plan": [],
            "primary_network_interface_id": null,
            "proximity_placement_group_id": null,
            "resource_group_name": "2021-fall-bdickerson1-rg",
            "storage_data_disk": [],
            "storage_image_reference": [
              {
                "id": "",
                "offer": "UbuntuServer",
                "publisher": "Canonical",
                "sku": "18.04-LTS",
                "version": "latest"
              }
            ],
            "storage_os_disk": [
              {
                "caching": "ReadWrite",
                "create_option": "FromImage",
                "disk_size_gb": 30,
                "image_uri": "",
                "managed_disk_id": "/subscriptions/02cb372f-c8c5-4a0c-b9f4-574eeb4d6d38/resourceGroups/2021-fall-bdickerson1-rg/providers/Microsoft.Compute/disks/osdisk-BEN-VM-0",
                "managed_disk_type": "Premium_LRS",
                "name": "osdisk-BEN-VM-0",
                "os_type": "Linux",
                "vhd_uri": "",
                "write_accelerator_enabled": false
              }
            ],
            "tags": {
              "source": "terraform"
            },
            "timeouts": null,
            "vm_size": "Standard_B1s",
            "zones": null
          },
          "sensitive_attributes": [],
          "private": "eyJlMmJmYjczMC1lY2FhLTExZTYtOGY4OC0zNDM2M2JjN2M0YzAiOnsiY3JlYXRlIjozNjAwMDAwMDAwMDAwLCJkZWxldGUiOjM2MDAwMDAwMDAwMDAsInJlYWQiOjMwMDAwMDAwMDAwMCwidXBkYXRlIjozNjAwMDAwMDAwMDAwfX0=",
          "dependencies": [
            "module.linuxservers.azurerm_availability_set.vm",
            "module.linuxservers.azurerm_network_interface.vm",
            "module.linuxservers.azurerm_public_ip.vm",
            "module.linuxservers.azurerm_storage_account.vm-sa",
            "module.linuxservers.data.azurerm_resource_group.vm",
            "module.network.azurerm_subnet.subnet",
            "module.network.azurerm_virtual_network.vnet",
            "module.network.data.azurerm_resource_group.network"
          ]
        }
      ]
    },
    {
      "module": "module.linuxservers",
      "mode": "managed",
      "type": "random_id",
      "name": "vm-sa",
      "provider": "provider[\"registry.terraform.io/hashicorp/random\"]",
      "instances": [
        {
          "schema_version": 0,
          "attributes": {
            "b64_std": "PWOR7S6B",
            "b64_url": "PWOR7S6B",
            "byte_length": 6,
            "dec": "67497859296897",
            "hex": "3d6391ed2e81",
            "id": "PWOR7S6B",
            "keepers": {
              "vm_hostname": "BEN-VM"
            },
            "prefix": null
          },
          "sensitive_attributes": [],
          "private": "bnVsbA=="
        }
      ]
    },
    {
      "module": "module.network",
      "mode": "data",
      "type": "azurerm_resource_group",
      "name": "network",
      "provider": "provider[\"registry.terraform.io/hashicorp/azurerm\"]",
      "instances": [
        {
          "schema_version": 0,
          "attributes": {
            "id": "/subscriptions/02cb372f-c8c5-4a0c-b9f4-574eeb4d6d38/resourceGroups/2021-fall-bdickerson1-rg",
            "location": "eastus",
            "name": "2021-fall-bdickerson1-rg",
            "tags": {},
            "timeouts": null
          },
          "sensitive_attributes": []
        }
      ]
    },
    {
      "module": "module.network",
      "mode": "managed",
      "type": "azurerm_subnet",
      "name": "subnet",
      "provider": "provider[\"registry.terraform.io/hashicorp/azurerm\"]",
      "instances": [
        {
          "index_key": 0,
          "schema_version": 0,
          "attributes": {
            "address_prefix": "10.0.1.0/24",
            "address_prefixes": [
              "10.0.1.0/24"
            ],
            "delegation": [],
            "enforce_private_link_endpoint_network_policies": false,
            "enforce_private_link_service_network_policies": false,
            "id": "/subscriptions/02cb372f-c8c5-4a0c-b9f4-574eeb4d6d38/resourceGroups/2021-fall-bdickerson1-rg/providers/Microsoft.Network/virtualNetworks/acctvnet/subnets/subnet1",
            "name": "subnet1",
            "resource_group_name": "2021-fall-bdickerson1-rg",
            "service_endpoint_policy_ids": null,
            "service_endpoints": [],
            "timeouts": null,
            "virtual_network_name": "acctvnet"
          },
          "sensitive_attributes": [],
          "private": "eyJlMmJmYjczMC1lY2FhLTExZTYtOGY4OC0zNDM2M2JjN2M0YzAiOnsiY3JlYXRlIjoxODAwMDAwMDAwMDAwLCJkZWxldGUiOjE4MDAwMDAwMDAwMDAsInJlYWQiOjMwMDAwMDAwMDAwMCwidXBkYXRlIjoxODAwMDAwMDAwMDAwfX0=",
          "dependencies": [
            "module.network.azurerm_virtual_network.vnet",
            "module.network.data.azurerm_resource_group.network"
          ]
        }
      ]
    },
    {
      "module": "module.network",
      "mode": "managed",
      "type": "azurerm_virtual_network",
      "name": "vnet",
      "provider": "provider[\"registry.terraform.io/hashicorp/azurerm\"]",
      "instances": [
        {
          "schema_version": 0,
          "attributes": {
            "address_space": [
              "10.0.0.0/16"
            ],
            "bgp_community": "",
            "ddos_protection_plan": [],
            "dns_servers": [],
            "guid": "8e404b9b-8d27-4b1a-b8e0-c0ec2a41f0e4",
            "id": "/subscriptions/02cb372f-c8c5-4a0c-b9f4-574eeb4d6d38/resourceGroups/2021-fall-bdickerson1-rg/providers/Microsoft.Network/virtualNetworks/acctvnet",
            "location": "eastus",
            "name": "acctvnet",
            "resource_group_name": "2021-fall-bdickerson1-rg",
            "subnet": [],
            "tags": {
              "environment": "dev"
            },
            "timeouts": null,
            "vm_protection_enabled": false
          },
          "sensitive_attributes": [],
          "private": "eyJlMmJmYjczMC1lY2FhLTExZTYtOGY4OC0zNDM2M2JjN2M0YzAiOnsiY3JlYXRlIjoxODAwMDAwMDAwMDAwLCJkZWxldGUiOjE4MDAwMDAwMDAwMDAsInJlYWQiOjMwMDAwMDAwMDAwMCwidXBkYXRlIjoxODAwMDAwMDAwMDAwfX0=",
          "dependencies": [
            "module.network.data.azurerm_resource_group.network"
          ]
        }
      ]
    },
    {
      "module": "module.website",
      "mode": "managed",
      "type": "azurerm_storage_account",
      "name": "storage_account",
      "provider": "provider[\"registry.terraform.io/hashicorp/azurerm\"]",
      "instances": [
        {
          "schema_version": 2,
          "attributes": {
            "access_tier": "Hot",
            "account_kind": "StorageV2",
            "account_replication_type": "LRS",
            "account_tier": "Standard",
            "allow_blob_public_access": true,
            "blob_properties": [],
            "custom_domain": [],
            "enable_https_traffic_only": true,
            "id": "/subscriptions/02cb372f-c8c5-4a0c-b9f4-574eeb4d6d38/resourceGroups/2021-fall-bdickerson1-rg/providers/Microsoft.Storage/storageAccounts/staticwebsitebdickerson1",
            "identity": [],
            "is_hns_enabled": false,
            "large_file_share_enabled": null,
            "location": "centralus",
            "min_tls_version": "TLS1_0",
            "name": "staticwebsitebdickerson1",
            "network_rules": [
              {
                "bypass": [
                  "AzureServices"
                ],
                "default_action": "Allow",
                "ip_rules": [],
                "virtual_network_subnet_ids": []
              }
            ],
            "primary_access_key": "Kcxpn7dwycRi8oatfbcV3sYHS5UZl0+iw3RnqJ67IO4weRs0QYggWtNgv14RJ5lfpJhze1W7th3b4D5JMab1qw==",
            "primary_blob_connection_string": "DefaultEndpointsProtocol=https;BlobEndpoint=https://staticwebsitebdickerson1.blob.core.windows.net/;AccountName=staticwebsitebdickerson1;AccountKey=Kcxpn7dwycRi8oatfbcV3sYHS5UZl0+iw3RnqJ67IO4weRs0QYggWtNgv14RJ5lfpJhze1W7th3b4D5JMab1qw==",
            "primary_blob_endpoint": "https://staticwebsitebdickerson1.blob.core.windows.net/",
            "primary_blob_host": "staticwebsitebdickerson1.blob.core.windows.net",
            "primary_connection_string": "DefaultEndpointsProtocol=https;AccountName=staticwebsitebdickerson1;AccountKey=Kcxpn7dwycRi8oatfbcV3sYHS5UZl0+iw3RnqJ67IO4weRs0QYggWtNgv14RJ5lfpJhze1W7th3b4D5JMab1qw==;EndpointSuffix=core.windows.net",
            "primary_dfs_endpoint": "https://staticwebsitebdickerson1.dfs.core.windows.net/",
            "primary_dfs_host": "staticwebsitebdickerson1.dfs.core.windows.net",
            "primary_file_endpoint": "https://staticwebsitebdickerson1.file.core.windows.net/",
            "primary_file_host": "staticwebsitebdickerson1.file.core.windows.net",
            "primary_location": "centralus",
            "primary_queue_endpoint": "https://staticwebsitebdickerson1.queue.core.windows.net/",
            "primary_queue_host": "staticwebsitebdickerson1.queue.core.windows.net",
            "primary_table_endpoint": "https://staticwebsitebdickerson1.table.core.windows.net/",
            "primary_table_host": "staticwebsitebdickerson1.table.core.windows.net",
            "primary_web_endpoint": "https://staticwebsitebdickerson1.z19.web.core.windows.net/",
            "primary_web_host": "staticwebsitebdickerson1.z19.web.core.windows.net",
            "queue_properties": [
              {
                "cors_rule": [],
                "hour_metrics": [
                  {
                    "enabled": true,
                    "include_apis": true,
                    "retention_policy_days": 7,
                    "version": "1.0"
                  }
                ],
                "logging": [
                  {
                    "delete": false,
                    "read": false,
                    "retention_policy_days": 0,
                    "version": "1.0",
                    "write": false
                  }
                ],
                "minute_metrics": [
                  {
                    "enabled": false,
                    "include_apis": false,
                    "retention_policy_days": 0,
                    "version": "1.0"
                  }
                ]
              }
            ],
            "resource_group_name": "2021-fall-bdickerson1-rg",
            "secondary_access_key": "Au58Pbi2vQbDbdzSu6odo2FbBLUalDe3a2k71qs5YD6GDhT1jUAZZ1eyJrpeOAb2tHbM0vH51bYT9PPgPCgoww==",
            "secondary_blob_connection_string": "",
            "secondary_blob_endpoint": null,
            "secondary_blob_host": null,
            "secondary_connection_string": "DefaultEndpointsProtocol=https;AccountName=staticwebsitebdickerson1;AccountKey=Au58Pbi2vQbDbdzSu6odo2FbBLUalDe3a2k71qs5YD6GDhT1jUAZZ1eyJrpeOAb2tHbM0vH51bYT9PPgPCgoww==;EndpointSuffix=core.windows.net",
            "secondary_dfs_endpoint": null,
            "secondary_dfs_host": null,
            "secondary_file_endpoint": null,
            "secondary_file_host": null,
            "secondary_location": "",
            "secondary_queue_endpoint": null,
            "secondary_queue_host": null,
            "secondary_table_endpoint": null,
            "secondary_table_host": null,
            "secondary_web_endpoint": null,
            "secondary_web_host": null,
            "static_website": [
              {
                "error_404_document": "",
                "index_document": "index.html"
              }
            ],
            "tags": null,
            "timeouts": null
          },
          "sensitive_attributes": [],
          "private": "eyJlMmJmYjczMC1lY2FhLTExZTYtOGY4OC0zNDM2M2JjN2M0YzAiOnsiY3JlYXRlIjozNjAwMDAwMDAwMDAwLCJkZWxldGUiOjM2MDAwMDAwMDAwMDAsInJlYWQiOjMwMDAwMDAwMDAwMCwidXBkYXRlIjozNjAwMDAwMDAwMDAwfSwic2NoZW1hX3ZlcnNpb24iOiIyIn0="
        }
      ]
    },
    {
      "module": "module.website",
      "mode": "managed",
      "type": "azurerm_storage_blob",
      "name": "example",
      "provider": "provider[\"registry.terraform.io/hashicorp/azurerm\"]",
      "instances": [
        {
          "schema_version": 1,
          "attributes": {
            "access_tier": "Hot",
            "content_md5": "",
            "content_type": "text/html",
            "id": "https://staticwebsitebdickerson1.blob.core.windows.net/web/index.html",
            "metadata": {},
            "name": "index.html",
            "parallelism": 8,
            "size": 0,
            "source": null,
            "source_content": "\u003ch1\u003eThis is static content for Ben Dickerson's website\u003c/h1\u003e",
            "source_uri": null,
            "storage_account_name": "staticwebsitebdickerson1",
            "storage_container_name": "web",
            "timeouts": null,
            "type": "Block",
            "url": "https://staticwebsitebdickerson1.blob.core.windows.net/web/index.html"
          },
          "sensitive_attributes": [],
          "private": "eyJlMmJmYjczMC1lY2FhLTExZTYtOGY4OC0zNDM2M2JjN2M0YzAiOnsiY3JlYXRlIjoxODAwMDAwMDAwMDAwLCJkZWxldGUiOjE4MDAwMDAwMDAwMDAsInJlYWQiOjMwMDAwMDAwMDAwMCwidXBkYXRlIjoxODAwMDAwMDAwMDAwfSwic2NoZW1hX3ZlcnNpb24iOiIxIn0=",
          "dependencies": [
            "module.website.azurerm_storage_account.storage_account",
            "module.website.azurerm_storage_container.container"
          ]
        }
      ]
    },
    {
      "module": "module.website",
      "mode": "managed",
      "type": "azurerm_storage_container",
      "name": "container",
      "provider": "provider[\"registry.terraform.io/hashicorp/azurerm\"]",
      "instances": [
        {
          "schema_version": 1,
          "attributes": {
            "container_access_type": "blob",
            "has_immutability_policy": false,
            "has_legal_hold": false,
            "id": "https://staticwebsitebdickerson1.blob.core.windows.net/web",
            "metadata": {},
            "name": "web",
            "resource_manager_id": "/subscriptions/02cb372f-c8c5-4a0c-b9f4-574eeb4d6d38/resourceGroups/2021-fall-bdickerson1-rg/providers/Microsoft.Storage/storageAccounts/staticwebsitebdickerson1/blobServices/default/containers/web",
            "storage_account_name": "staticwebsitebdickerson1",
            "timeouts": null
          },
          "sensitive_attributes": [],
          "private": "eyJlMmJmYjczMC1lY2FhLTExZTYtOGY4OC0zNDM2M2JjN2M0YzAiOnsiY3JlYXRlIjoxODAwMDAwMDAwMDAwLCJkZWxldGUiOjE4MDAwMDAwMDAwMDAsInJlYWQiOjMwMDAwMDAwMDAwMCwidXBkYXRlIjoxODAwMDAwMDAwMDAwfSwic2NoZW1hX3ZlcnNpb24iOiIxIn0=",
          "dependencies": [
            "module.website.azurerm_storage_account.storage_account"
          ]
        }
      ]
    }
  ]
}
