{
  "version": 4,
  "terraform_version": "1.0.10",
  "serial": 6,
  "lineage": "6f101844-6bbf-3e82-a270-fbb1a33df91a",
  "outputs": {},
  "resources": [
    {
      "mode": "data",
      "type": "aws_iam_role",
      "name": "lab_role",
      "provider": "provider[\"registry.terraform.io/hashicorp/aws\"]",
      "instances": [
        {
          "schema_version": 0,
          "attributes": {
            "arn": "arn:aws:iam::919471634161:role/LabRole",
            "assume_role_policy": "{\"Version\":\"2012-10-17\",\"Statement\":[{\"Effect\":\"Allow\",\"Principal\":{\"Service\":[\"sagemaker.amazonaws.com\",\"autoscaling.amazonaws.com\",\"robomaker.amazonaws.com\",\"states.amazonaws.com\",\"storagegateway.amazonaws.com\",\"elasticloadbalancing.amazonaws.com\",\"elasticfilesystem.amazonaws.com\",\"kms.amazonaws.com\",\"rekognition.amazonaws.com\",\"resource-groups.amazonaws.com\",\"elasticbeanstalk.amazonaws.com\",\"cloud9.amazonaws.com\",\"redshift.amazonaws.com\",\"cloudformation.amazonaws.com\",\"s3.amazonaws.com\",\"rds.amazonaws.com\",\"codebuild.amazonaws.com\",\"secretsmanager.amazonaws.com\",\"lex.amazonaws.com\",\"translate.amazonaws.com\",\"events.amazonaws.com\",\"servicecatalog.amazonaws.com\",\"ssm.amazonaws.com\",\"lightsail.amazonaws.com\",\"datapipeline.amazonaws.com\",\"logs.amazonaws.com\",\"cognito-idp.amazonaws.com\",\"dynamodb.amazonaws.com\",\"codecommit.amazonaws.com\",\"cloudtrail.amazonaws.com\",\"forecast.amazonaws.com\",\"sts.amazonaws.com\",\"ec2.amazonaws.com\",\"glue.amazonaws.com\",\"elasticmapreduce.amazonaws.com\",\"lambda.amazonaws.com\"]},\"Action\":\"sts:AssumeRole\"}]}",
            "create_date": "2021-09-01T01:40:30Z",
            "description": "",
            "id": "LabRole",
            "max_session_duration": 3600,
            "name": "LabRole",
            "path": "/",
            "permissions_boundary": "",
            "tags": {
              "cloudlab": "c38087a488361l971694t1w919471634161"
            },
            "unique_id": "AROA5MFGHW3Y7JOEEKJF6"
          },
          "sensitive_attributes": []
        }
      ]
    },
    {
      "mode": "managed",
      "type": "aws_lambda_function",
      "name": "test_lambda",
      "provider": "provider[\"registry.terraform.io/hashicorp/aws\"]",
      "instances": [
        {
          "schema_version": 0,
          "attributes": {
            "architectures": [
              "x86_64"
            ],
            "arn": "arn:aws:lambda:us-east-1:919471634161:function:lambda_function_Ben",
            "code_signing_config_arn": "",
            "dead_letter_config": [],
            "description": "",
            "environment": [],
            "file_system_config": [],
            "filename": "stopEC2.zip",
            "function_name": "lambda_function_Ben",
            "handler": "stopEC2.lambda_handler",
            "id": "lambda_function_Ben",
            "image_config": [],
            "image_uri": "",
            "invoke_arn": "arn:aws:apigateway:us-east-1:lambda:path/2015-03-31/functions/arn:aws:lambda:us-east-1:919471634161:function:lambda_function_Ben/invocations",
            "kms_key_arn": "",
            "last_modified": "2021-11-18T18:44:24.131+0000",
            "layers": null,
            "memory_size": 128,
            "package_type": "Zip",
            "publish": false,
            "qualified_arn": "arn:aws:lambda:us-east-1:919471634161:function:lambda_function_Ben:$LATEST",
            "reserved_concurrent_executions": -1,
            "role": "arn:aws:iam::919471634161:role/LabRole",
            "runtime": "python3.9",
            "s3_bucket": null,
            "s3_key": null,
            "s3_object_version": null,
            "signing_job_arn": "",
            "signing_profile_version_arn": "",
            "source_code_hash": "pK8CHC92UXOhfrbeUPuEQZWIc6LDgs7azLHIjYTj71M=",
            "source_code_size": 560,
            "tags": null,
            "tags_all": {},
            "timeout": 3,
            "timeouts": null,
            "tracing_config": [
              {
                "mode": "PassThrough"
              }
            ],
            "version": "$LATEST",
            "vpc_config": []
          },
          "sensitive_attributes": [],
          "private": "eyJlMmJmYjczMC1lY2FhLTExZTYtOGY4OC0zNDM2M2JjN2M0YzAiOnsiY3JlYXRlIjo2MDAwMDAwMDAwMDB9fQ==",
          "dependencies": [
            "data.aws_iam_role.lab_role"
          ]
        }
      ]
    }
  ]
}
