{
  "version": 4,
  "terraform_version": "1.0.10",
  "serial": 24,
  "lineage": "484804ba-e22c-30c1-b57d-c1712bc96fc0",
  "outputs": {
    "publicIP": {
      "value": "/subscriptions/02cb372f-c8c5-4a0c-b9f4-574eeb4d6d38/resourceGroups/2021-fall-bdickerson1-rg/providers/Microsoft.Network/publicIPAddresses/myPublicIP",
      "type": "string"
    }
  },
  "resources": [
    {
      "mode": "managed",
      "type": "azurerm_linux_virtual_machine",
      "name": "myterraformvm",
      "provider": "provider[\"registry.terraform.io/hashicorp/azurerm\"]",
      "instances": [
        {
          "schema_version": 0,
          "attributes": {
            "additional_capabilities": [],
            "admin_password": null,
            "admin_ssh_key": [
              {
                "public_key": "ssh-rsa AAAAB3NzaC1yc2EAAAADAQABAAABgQDcXnFBwHefWypgg3fZhkmksiZ/YNu1uC3Eixh72uUnesh85DxdzMiO7H1R/r/ZW4JIyJW3kxoH5l+00xee1dilKknaYPSYgTV/sDDoZcI9/GzL/zIOWMXQFmqdJhS6hk0g31woGU7XzTg4Rdq7lKVxYrQovgPfDyYpxr594pYZUf/lvJJd+QMLUpevOrjePwE+7DypT9PBK0otVekvKK6G94PHwOlScl9iGCcc0Ylc6zPP/DaPcU/KQ0/rwyFqs31yVn14L0Qf4MkNL0SyaGC752U7ztOZXMdKh5M/+BZHgRsnECpkSaCI/dGLAKjjs1ivJJAF7aeNjxorRX4sWSESGbMCvbzcVPLxpeKJ9L3xVMiw3IdMnH92gRrVT08rIZlOqaHBr+m388ulVdAGHw3AX5U985qCczK7P2p5NQouEVMudVJ/3qeiifwRrMuG31WiDQiwjILFPxM+Nq0/EZn35oy+548DJDjZyCSVzyTYjjkWtXMO/NFeeMooy8fysyU= generated-by-azure\n",
                "username": "azureuser"
              }
            ],
            "admin_username": "azureuser",
            "allow_extension_operations": true,
            "availability_set_id": "",
            "boot_diagnostics": [],
            "computer_name": "BEN-VM",
            "custom_data": null,
            "dedicated_host_id": "",
            "disable_password_authentication": true,
            "encryption_at_host_enabled": false,
            "eviction_policy": "",
            "extensions_time_budget": "PT1H30M",
            "id": "/subscriptions/02cb372f-c8c5-4a0c-b9f4-574eeb4d6d38/resourceGroups/2021-fall-bdickerson1-rg/providers/Microsoft.Compute/virtualMachines/myVM",
            "identity": [],
            "location": "centralus",
            "max_bid_price": -1,
            "name": "myVM",
            "network_interface_ids": [
              "/subscriptions/02cb372f-c8c5-4a0c-b9f4-574eeb4d6d38/resourceGroups/2021-fall-bdickerson1-rg/providers/Microsoft.Network/networkInterfaces/myNIC"
            ],
            "os_disk": [
              {
                "caching": "ReadWrite",
                "diff_disk_settings": [],
                "disk_encryption_set_id": "",
                "disk_size_gb": 30,
                "name": "myOsDisk",
                "storage_account_type": "Premium_LRS",
                "write_accelerator_enabled": false
              }
            ],
            "plan": [],
            "priority": "Regular",
            "private_ip_address": "10.0.2.4",
            "private_ip_addresses": [
              "10.0.2.4"
            ],
            "provision_vm_agent": true,
            "proximity_placement_group_id": "",
            "public_ip_address": "40.78.143.147",
            "public_ip_addresses": [
              "40.78.143.147"
            ],
            "resource_group_name": "2021-fall-bdickerson1-rg",
            "secret": [],
            "size": "Standard_DS1_v2",
            "source_image_id": "",
            "source_image_reference": [
              {
                "offer": "UbuntuServer",
                "publisher": "Canonical",
                "sku": "18.04-LTS",
                "version": "latest"
              }
            ],
            "tags": {
              "environment": "Terraform Demo"
            },
            "timeouts": null,
            "virtual_machine_id": "b9ce127a-2102-41c0-8cb8-45dff03040f1",
            "virtual_machine_scale_set_id": "",
            "zone": ""
          },
          "sensitive_attributes": [],
          "private": "eyJlMmJmYjczMC1lY2FhLTExZTYtOGY4OC0zNDM2M2JjN2M0YzAiOnsiY3JlYXRlIjoyNzAwMDAwMDAwMDAwLCJkZWxldGUiOjI3MDAwMDAwMDAwMDAsInJlYWQiOjMwMDAwMDAwMDAwMCwidXBkYXRlIjoyNzAwMDAwMDAwMDAwfX0=",
          "dependencies": [
            "azurerm_network_interface.myterraformnic",
            "azurerm_public_ip.myterraformpublicip",
            "azurerm_subnet.myterraformsubnet",
            "azurerm_virtual_network.myterraformnetwork"
          ]
        }
      ]
    },
    {
      "mode": "managed",
      "type": "azurerm_network_interface",
      "name": "myterraformnic",
      "provider": "provider[\"registry.terraform.io/hashicorp/azurerm\"]",
      "instances": [
        {
          "schema_version": 0,
          "attributes": {
            "applied_dns_servers": [],
            "dns_servers": [],
            "enable_accelerated_networking": false,
            "enable_ip_forwarding": false,
            "id": "/subscriptions/02cb372f-c8c5-4a0c-b9f4-574eeb4d6d38/resourceGroups/2021-fall-bdickerson1-rg/providers/Microsoft.Network/networkInterfaces/myNIC",
            "internal_dns_name_label": "",
            "internal_domain_name_suffix": "jammieuxonge1gmutuz0zzlqie.gx.internal.cloudapp.net",
            "ip_configuration": [
              {
                "name": "myNicConfiguration",
                "primary": true,
                "private_ip_address": "10.0.2.4",
                "private_ip_address_allocation": "Dynamic",
                "private_ip_address_version": "IPv4",
                "public_ip_address_id": "/subscriptions/02cb372f-c8c5-4a0c-b9f4-574eeb4d6d38/resourceGroups/2021-fall-bdickerson1-rg/providers/Microsoft.Network/publicIPAddresses/myPublicIP",
                "subnet_id": "/subscriptions/02cb372f-c8c5-4a0c-b9f4-574eeb4d6d38/resourceGroups/2021-fall-bdickerson1-rg/providers/Microsoft.Network/virtualNetworks/myVnet/subnets/mySubnet"
              }
            ],
            "location": "centralus",
            "mac_address": "",
            "name": "myNIC",
            "private_ip_address": "10.0.2.4",
            "private_ip_addresses": [
              "10.0.2.4"
            ],
            "resource_group_name": "2021-fall-bdickerson1-rg",
            "tags": {
              "environment": "Terraform Demo"
            },
            "timeouts": null,
            "virtual_machine_id": ""
          },
          "sensitive_attributes": [],
          "private": "eyJlMmJmYjczMC1lY2FhLTExZTYtOGY4OC0zNDM2M2JjN2M0YzAiOnsiY3JlYXRlIjoxODAwMDAwMDAwMDAwLCJkZWxldGUiOjE4MDAwMDAwMDAwMDAsInJlYWQiOjMwMDAwMDAwMDAwMCwidXBkYXRlIjoxODAwMDAwMDAwMDAwfX0=",
          "dependencies": [
            "azurerm_public_ip.myterraformpublicip",
            "azurerm_subnet.myterraformsubnet",
            "azurerm_virtual_network.myterraformnetwork"
          ]
        }
      ]
    },
    {
      "mode": "managed",
      "type": "azurerm_network_interface_security_group_association",
      "name": "example",
      "provider": "provider[\"registry.terraform.io/hashicorp/azurerm\"]",
      "instances": [
        {
          "schema_version": 0,
          "attributes": {
            "id": "/subscriptions/02cb372f-c8c5-4a0c-b9f4-574eeb4d6d38/resourceGroups/2021-fall-bdickerson1-rg/providers/Microsoft.Network/networkInterfaces/myNIC|/subscriptions/02cb372f-c8c5-4a0c-b9f4-574eeb4d6d38/resourceGroups/2021-fall-bdickerson1-rg/providers/Microsoft.Network/networkSecurityGroups/myNetworkSecurityGroup",
            "network_interface_id": "/subscriptions/02cb372f-c8c5-4a0c-b9f4-574eeb4d6d38/resourceGroups/2021-fall-bdickerson1-rg/providers/Microsoft.Network/networkInterfaces/myNIC",
            "network_security_group_id": "/subscriptions/02cb372f-c8c5-4a0c-b9f4-574eeb4d6d38/resourceGroups/2021-fall-bdickerson1-rg/providers/Microsoft.Network/networkSecurityGroups/myNetworkSecurityGroup",
            "timeouts": null
          },
          "sensitive_attributes": [],
          "private": "eyJlMmJmYjczMC1lY2FhLTExZTYtOGY4OC0zNDM2M2JjN2M0YzAiOnsiY3JlYXRlIjoxODAwMDAwMDAwMDAwLCJkZWxldGUiOjE4MDAwMDAwMDAwMDAsInJlYWQiOjMwMDAwMDAwMDAwMCwidXBkYXRlIjoxODAwMDAwMDAwMDAwfX0=",
          "dependencies": [
            "azurerm_network_interface.myterraformnic",
            "azurerm_network_security_group.myterraformnsg",
            "azurerm_public_ip.myterraformpublicip",
            "azurerm_subnet.myterraformsubnet",
            "azurerm_virtual_network.myterraformnetwork"
          ]
        }
      ]
    },
    {
      "mode": "managed",
      "type": "azurerm_network_security_group",
      "name": "myterraformnsg",
      "provider": "provider[\"registry.terraform.io/hashicorp/azurerm\"]",
      "instances": [
        {
          "schema_version": 0,
          "attributes": {
            "id": "/subscriptions/02cb372f-c8c5-4a0c-b9f4-574eeb4d6d38/resourceGroups/2021-fall-bdickerson1-rg/providers/Microsoft.Network/networkSecurityGroups/myNetworkSecurityGroup",
            "location": "centralus",
            "name": "myNetworkSecurityGroup",
            "resource_group_name": "2021-fall-bdickerson1-rg",
            "security_rule": [
              {
                "access": "Allow",
                "description": "",
                "destination_address_prefix": "*",
                "destination_address_prefixes": [],
                "destination_application_security_group_ids": [],
                "destination_port_range": "22",
                "destination_port_ranges": [],
                "direction": "Inbound",
                "name": "SSH",
                "priority": 1001,
                "protocol": "Tcp",
                "source_address_prefix": "*",
                "source_address_prefixes": [],
                "source_application_security_group_ids": [],
                "source_port_range": "*",
                "source_port_ranges": []
              }
            ],
            "tags": {
              "environment": "Terraform Demo"
            },
            "timeouts": null
          },
          "sensitive_attributes": [],
          "private": "eyJlMmJmYjczMC1lY2FhLTExZTYtOGY4OC0zNDM2M2JjN2M0YzAiOnsiY3JlYXRlIjoxODAwMDAwMDAwMDAwLCJkZWxldGUiOjE4MDAwMDAwMDAwMDAsInJlYWQiOjMwMDAwMDAwMDAwMCwidXBkYXRlIjoxODAwMDAwMDAwMDAwfX0="
        }
      ]
    },
    {
      "mode": "managed",
      "type": "azurerm_public_ip",
      "name": "myterraformpublicip",
      "provider": "provider[\"registry.terraform.io/hashicorp/azurerm\"]",
      "instances": [
        {
          "schema_version": 0,
          "attributes": {
            "allocation_method": "Dynamic",
            "domain_name_label": null,
            "fqdn": null,
            "id": "/subscriptions/02cb372f-c8c5-4a0c-b9f4-574eeb4d6d38/resourceGroups/2021-fall-bdickerson1-rg/providers/Microsoft.Network/publicIPAddresses/myPublicIP",
            "idle_timeout_in_minutes": 4,
            "ip_address": "",
            "ip_version": "IPv4",
            "location": "centralus",
            "name": "myPublicIP",
            "public_ip_prefix_id": null,
            "resource_group_name": "2021-fall-bdickerson1-rg",
            "reverse_fqdn": null,
            "sku": "Basic",
            "tags": {
              "environment": "Terraform Demo"
            },
            "timeouts": null,
            "zones": null
          },
          "sensitive_attributes": [],
          "private": "eyJlMmJmYjczMC1lY2FhLTExZTYtOGY4OC0zNDM2M2JjN2M0YzAiOnsiY3JlYXRlIjoxODAwMDAwMDAwMDAwLCJkZWxldGUiOjE4MDAwMDAwMDAwMDAsInJlYWQiOjMwMDAwMDAwMDAwMCwidXBkYXRlIjoxODAwMDAwMDAwMDAwfX0="
        }
      ]
    },
    {
      "mode": "managed",
      "type": "azurerm_subnet",
      "name": "myterraformsubnet",
      "provider": "provider[\"registry.terraform.io/hashicorp/azurerm\"]",
      "instances": [
        {
          "schema_version": 0,
          "attributes": {
            "address_prefix": "10.0.2.0/24",
            "address_prefixes": [
              "10.0.2.0/24"
            ],
            "delegation": [],
            "enforce_private_link_endpoint_network_policies": false,
            "enforce_private_link_service_network_policies": false,
            "id": "/subscriptions/02cb372f-c8c5-4a0c-b9f4-574eeb4d6d38/resourceGroups/2021-fall-bdickerson1-rg/providers/Microsoft.Network/virtualNetworks/myVnet/subnets/mySubnet",
            "name": "mySubnet",
            "resource_group_name": "2021-fall-bdickerson1-rg",
            "service_endpoint_policy_ids": null,
            "service_endpoints": null,
            "timeouts": null,
            "virtual_network_name": "myVnet"
          },
          "sensitive_attributes": [],
          "private": "eyJlMmJmYjczMC1lY2FhLTExZTYtOGY4OC0zNDM2M2JjN2M0YzAiOnsiY3JlYXRlIjoxODAwMDAwMDAwMDAwLCJkZWxldGUiOjE4MDAwMDAwMDAwMDAsInJlYWQiOjMwMDAwMDAwMDAwMCwidXBkYXRlIjoxODAwMDAwMDAwMDAwfX0=",
          "dependencies": [
            "azurerm_virtual_network.myterraformnetwork"
          ]
        }
      ]
    },
    {
      "mode": "managed",
      "type": "azurerm_virtual_network",
      "name": "myterraformnetwork",
      "provider": "provider[\"registry.terraform.io/hashicorp/azurerm\"]",
      "instances": [
        {
          "schema_version": 0,
          "attributes": {
            "address_space": [
              "10.0.0.0/16"
            ],
            "bgp_community": "",
            "ddos_protection_plan": [],
            "dns_servers": null,
            "guid": "12c41848-7397-4d4c-9994-9d33ace57044",
            "id": "/subscriptions/02cb372f-c8c5-4a0c-b9f4-574eeb4d6d38/resourceGroups/2021-fall-bdickerson1-rg/providers/Microsoft.Network/virtualNetworks/myVnet",
            "location": "centralus",
            "name": "myVnet",
            "resource_group_name": "2021-fall-bdickerson1-rg",
            "subnet": [],
            "tags": {
              "environment": "Terraform Demo"
            },
            "timeouts": null,
            "vm_protection_enabled": false
          },
          "sensitive_attributes": [],
          "private": "eyJlMmJmYjczMC1lY2FhLTExZTYtOGY4OC0zNDM2M2JjN2M0YzAiOnsiY3JlYXRlIjoxODAwMDAwMDAwMDAwLCJkZWxldGUiOjE4MDAwMDAwMDAwMDAsInJlYWQiOjMwMDAwMDAwMDAwMCwidXBkYXRlIjoxODAwMDAwMDAwMDAwfX0="
        }
      ]
    }
  ]
}
